// !$*UTF8*$!
{
	archiveVersion = 1;
	classes = {
	};
	objectVersion = 50;
	objects = {

/* Begin PBXBuildFile section */
		AC74415325A669F900E3D5A7 /* AppDelegate.swift in Sources */ = {isa = PBXBuildFile; fileRef = AC74415225A669F900E3D5A7 /* AppDelegate.swift */; };
		AC74415525A669F900E3D5A7 /* SceneDelegate.swift in Sources */ = {isa = PBXBuildFile; fileRef = AC74415425A669F900E3D5A7 /* SceneDelegate.swift */; };
		AC74415725A669F900E3D5A7 /* ViewController.swift in Sources */ = {isa = PBXBuildFile; fileRef = AC74415625A669F900E3D5A7 /* ViewController.swift */; };
		AC74415A25A669F900E3D5A7 /* Main.storyboard in Resources */ = {isa = PBXBuildFile; fileRef = AC74415825A669F900E3D5A7 /* Main.storyboard */; };
		AC74415C25A669FB00E3D5A7 /* Assets.xcassets in Resources */ = {isa = PBXBuildFile; fileRef = AC74415B25A669FB00E3D5A7 /* Assets.xcassets */; };
		AC74415F25A669FB00E3D5A7 /* LaunchScreen.storyboard in Resources */ = {isa = PBXBuildFile; fileRef = AC74415D25A669FB00E3D5A7 /* LaunchScreen.storyboard */; };
		AC74416A25A669FB00E3D5A7 /* preworkTests.swift in Sources */ = {isa = PBXBuildFile; fileRef = AC74416925A669FB00E3D5A7 /* preworkTests.swift */; };
		AC74417525A669FB00E3D5A7 /* preworkUITests.swift in Sources */ = {isa = PBXBuildFile; fileRef = AC74417425A669FB00E3D5A7 /* preworkUITests.swift */; };
/* End PBXBuildFile section */

/* Begin PBXContainerItemProxy section */
		AC74416625A669FB00E3D5A7 /* PBXContainerItemProxy */ = {
			isa = PBXContainerItemProxy;
			containerPortal = AC74414725A669F900E3D5A7 /* Project object */;
			proxyType = 1;
			remoteGlobalIDString = AC74414E25A669F900E3D5A7;
			remoteInfo = prework;
		};
		AC74417125A669FB00E3D5A7 /* PBXContainerItemProxy */ = {
			isa = PBXContainerItemProxy;
			containerPortal = AC74414725A669F900E3D5A7 /* Project object */;
			proxyType = 1;
			remoteGlobalIDString = AC74414E25A669F900E3D5A7;
			remoteInfo = prework;
		};
/* End PBXContainerItemProxy section */

/* Begin PBXFileReference section */
		AC74414F25A669F900E3D5A7 /* prework.app */ = {isa = PBXFileReference; explicitFileType = wrapper.application; includeInIndex = 0; path = prework.app; sourceTree = BUILT_PRODUCTS_DIR; };
		AC74415225A669F900E3D5A7 /* AppDelegate.swift */ = {isa = PBXFileReference; lastKnownFileType = sourcecode.swift; path = AppDelegate.swift; sourceTree = "<group>"; };
		AC74415425A669F900E3D5A7 /* SceneDelegate.swift */ = {isa = PBXFileReference; lastKnownFileType = sourcecode.swift; path = SceneDelegate.swift; sourceTree = "<group>"; };
		AC74415625A669F900E3D5A7 /* ViewController.swift */ = {isa = PBXFileReference; lastKnownFileType = sourcecode.swift; path = ViewController.swift; sourceTree = "<group>"; };
		AC74415925A669F900E3D5A7 /* Base */ = {isa = PBXFileReference; lastKnownFileType = file.storyboard; name = Base; path = Base.lproj/Main.storyboard; sourceTree = "<group>"; };
		AC74415B25A669FB00E3D5A7 /* Assets.xcassets */ = {isa = PBXFileReference; lastKnownFileType = folder.assetcatalog; path = Assets.xcassets; sourceTree = "<group>"; };
		AC74415E25A669FB00E3D5A7 /* Base */ = {isa = PBXFileReference; lastKnownFileType = file.storyboard; name = Base; path = Base.lproj/LaunchScreen.storyboard; sourceTree = "<group>"; };
		AC74416025A669FB00E3D5A7 /* Info.plist */ = {isa = PBXFileReference; lastKnownFileType = text.plist.xml; path = Info.plist; sourceTree = "<group>"; };
		AC74416525A669FB00E3D5A7 /* preworkTests.xctest */ = {isa = PBXFileReference; explicitFileType = wrapper.cfbundle; includeInIndex = 0; path = preworkTests.xctest; sourceTree = BUILT_PRODUCTS_DIR; };
		AC74416925A669FB00E3D5A7 /* preworkTests.swift */ = {isa = PBXFileReference; lastKnownFileType = sourcecode.swift; path = preworkTests.swift; sourceTree = "<group>"; };
		AC74416B25A669FB00E3D5A7 /* Info.plist */ = {isa = PBXFileReference; lastKnownFileType = text.plist.xml; path = Info.plist; sourceTree = "<group>"; };
		AC74417025A669FB00E3D5A7 /* preworkUITests.xctest */ = {isa = PBXFileReference; explicitFileType = wrapper.cfbundle; includeInIndex = 0; path = preworkUITests.xctest; sourceTree = BUILT_PRODUCTS_DIR; };
		AC74417425A669FB00E3D5A7 /* preworkUITests.swift */ = {isa = PBXFileReference; lastKnownFileType = sourcecode.swift; path = preworkUITests.swift; sourceTree = "<group>"; };
		AC74417625A669FB00E3D5A7 /* Info.plist */ = {isa = PBXFileReference; lastKnownFileType = text.plist.xml; path = Info.plist; sourceTree = "<group>"; };
		AC74418525A66A0A00E3D5A7 /* prework.entitlements */ = {isa = PBXFileReference; lastKnownFileType = text.plist.entitlements; path = prework.entitlements; sourceTree = "<group>"; };
/* End PBXFileReference section */

/* Begin PBXFrameworksBuildPhase section */
		AC74414C25A669F900E3D5A7 /* Frameworks */ = {
			isa = PBXFrameworksBuildPhase;
			buildActionMask = 2147483647;
			files = (
			);
			runOnlyForDeploymentPostprocessing = 0;
		};
		AC74416225A669FB00E3D5A7 /* Frameworks */ = {
			isa = PBXFrameworksBuildPhase;
			buildActionMask = 2147483647;
			files = (
			);
			runOnlyForDeploymentPostprocessing = 0;
		};
		AC74416D25A669FB00E3D5A7 /* Frameworks */ = {
			isa = PBXFrameworksBuildPhase;
			buildActionMask = 2147483647;
			files = (
			);
			runOnlyForDeploymentPostprocessing = 0;
		};
/* End PBXFrameworksBuildPhase section */

/* Begin PBXGroup section */
		AC74414625A669F900E3D5A7 = {
			isa = PBXGroup;
			children = (
				AC74415125A669F900E3D5A7 /* prework */,
				AC74416825A669FB00E3D5A7 /* preworkTests */,
				AC74417325A669FB00E3D5A7 /* preworkUITests */,
				AC74415025A669F900E3D5A7 /* Products */,
			);
			sourceTree = "<group>";
		};
		AC74415025A669F900E3D5A7 /* Products */ = {
			isa = PBXGroup;
			children = (
				AC74414F25A669F900E3D5A7 /* prework.app */,
				AC74416525A669FB00E3D5A7 /* preworkTests.xctest */,
				AC74417025A669FB00E3D5A7 /* preworkUITests.xctest */,
			);
			name = Products;
			sourceTree = "<group>";
		};
		AC74415125A669F900E3D5A7 /* prework */ = {
			isa = PBXGroup;
			children = (
				AC74418525A66A0A00E3D5A7 /* prework.entitlements */,
				AC74415225A669F900E3D5A7 /* AppDelegate.swift */,
				AC74415425A669F900E3D5A7 /* SceneDelegate.swift */,
				AC74415625A669F900E3D5A7 /* ViewController.swift */,
				AC74415825A669F900E3D5A7 /* Main.storyboard */,
				AC74415B25A669FB00E3D5A7 /* Assets.xcassets */,
				AC74415D25A669FB00E3D5A7 /* LaunchScreen.storyboard */,
				AC74416025A669FB00E3D5A7 /* Info.plist */,
			);
			path = prework;
			sourceTree = "<group>";
		};
		AC74416825A669FB00E3D5A7 /* preworkTests */ = {
			isa = PBXGroup;
			children = (
				AC74416925A669FB00E3D5A7 /* preworkTests.swift */,
				AC74416B25A669FB00E3D5A7 /* Info.plist */,
			);
			path = preworkTests;
			sourceTree = "<group>";
		};
		AC74417325A669FB00E3D5A7 /* preworkUITests */ = {
			isa = PBXGroup;
			children = (
				AC74417425A669FB00E3D5A7 /* preworkUITests.swift */,
				AC74417625A669FB00E3D5A7 /* Info.plist */,
			);
			path = preworkUITests;
			sourceTree = "<group>";
		};
/* End PBXGroup section */

/* Begin PBXNativeTarget section */
		AC74414E25A669F900E3D5A7 /* prework */ = {
			isa = PBXNativeTarget;
			buildConfigurationList = AC74417925A669FB00E3D5A7 /* Build configuration list for PBXNativeTarget "prework" */;
			buildPhases = (
				AC74414B25A669F900E3D5A7 /* Sources */,
				AC74414C25A669F900E3D5A7 /* Frameworks */,
				AC74414D25A669F900E3D5A7 /* Resources */,
			);
			buildRules = (
			);
			dependencies = (
			);
			name = prework;
			productName = prework;
			productReference = AC74414F25A669F900E3D5A7 /* prework.app */;
			productType = "com.apple.product-type.application";
		};
		AC74416425A669FB00E3D5A7 /* preworkTests */ = {
			isa = PBXNativeTarget;
			buildConfigurationList = AC74417C25A669FB00E3D5A7 /* Build configuration list for PBXNativeTarget "preworkTests" */;
			buildPhases = (
				AC74416125A669FB00E3D5A7 /* Sources */,
				AC74416225A669FB00E3D5A7 /* Frameworks */,
				AC74416325A669FB00E3D5A7 /* Resources */,
			);
			buildRules = (
			);
			dependencies = (
				AC74416725A669FB00E3D5A7 /* PBXTargetDependency */,
			);
			name = preworkTests;
			productName = preworkTests;
			productReference = AC74416525A669FB00E3D5A7 /* preworkTests.xctest */;
			productType = "com.apple.product-type.bundle.unit-test";
		};
		AC74416F25A669FB00E3D5A7 /* preworkUITests */ = {
			isa = PBXNativeTarget;
			buildConfigurationList = AC74417F25A669FB00E3D5A7 /* Build configuration list for PBXNativeTarget "preworkUITests" */;
			buildPhases = (
				AC74416C25A669FB00E3D5A7 /* Sources */,
				AC74416D25A669FB00E3D5A7 /* Frameworks */,
				AC74416E25A669FB00E3D5A7 /* Resources */,
			);
			buildRules = (
			);
			dependencies = (
				AC74417225A669FB00E3D5A7 /* PBXTargetDependency */,
			);
			name = preworkUITests;
			productName = preworkUITests;
			productReference = AC74417025A669FB00E3D5A7 /* preworkUITests.xctest */;
			productType = "com.apple.product-type.bundle.ui-testing";
		};
/* End PBXNativeTarget section */

/* Begin PBXProject section */
		AC74414725A669F900E3D5A7 /* Project object */ = {
			isa = PBXProject;
			attributes = {
				LastSwiftUpdateCheck = 1230;
				LastUpgradeCheck = 1230;
				TargetAttributes = {
					AC74414E25A669F900E3D5A7 = {
						CreatedOnToolsVersion = 12.3;
					};
					AC74416425A669FB00E3D5A7 = {
						CreatedOnToolsVersion = 12.3;
						TestTargetID = AC74414E25A669F900E3D5A7;
					};
					AC74416F25A669FB00E3D5A7 = {
						CreatedOnToolsVersion = 12.3;
						TestTargetID = AC74414E25A669F900E3D5A7;
					};
				};
			};
			buildConfigurationList = AC74414A25A669F900E3D5A7 /* Build configuration list for PBXProject "prework" */;
			compatibilityVersion = "Xcode 9.3";
			developmentRegion = en;
			hasScannedForEncodings = 0;
			knownRegions = (
				en,
				Base,
			);
			mainGroup = AC74414625A669F900E3D5A7;
			productRefGroup = AC74415025A669F900E3D5A7 /* Products */;
			projectDirPath = "";
			projectRoot = "";
			targets = (
				AC74414E25A669F900E3D5A7 /* prework */,
				AC74416425A669FB00E3D5A7 /* preworkTests */,
				AC74416F25A669FB00E3D5A7 /* preworkUITests */,
			);
		};
/* End PBXProject section */

/* Begin PBXResourcesBuildPhase section */
		AC74414D25A669F900E3D5A7 /* Resources */ = {
			isa = PBXResourcesBuildPhase;
			buildActionMask = 2147483647;
			files = (
				AC74415F25A669FB00E3D5A7 /* LaunchScreen.storyboard in Resources */,
				AC74415C25A669FB00E3D5A7 /* Assets.xcassets in Resources */,
				AC74415A25A669F900E3D5A7 /* Main.storyboard in Resources */,
			);
			runOnlyForDeploymentPostprocessing = 0;
		};
		AC74416325A669FB00E3D5A7 /* Resources */ = {
			isa = PBXResourcesBuildPhase;
			buildActionMask = 2147483647;
			files = (
			);
			runOnlyForDeploymentPostprocessing = 0;
		};
		AC74416E25A669FB00E3D5A7 /* Resources */ = {
			isa = PBXResourcesBuildPhase;
			buildActionMask = 2147483647;
			files = (
			);
			runOnlyForDeploymentPostprocessing = 0;
		};
/* End PBXResourcesBuildPhase section */

/* Begin PBXSourcesBuildPhase section */
		AC74414B25A669F900E3D5A7 /* Sources */ = {
			isa = PBXSourcesBuildPhase;
			buildActionMask = 2147483647;
			files = (
				AC74415725A669F900E3D5A7 /* ViewController.swift in Sources */,
				AC74415325A669F900E3D5A7 /* AppDelegate.swift in Sources */,
				AC74415525A669F900E3D5A7 /* SceneDelegate.swift in Sources */,
			);
			runOnlyForDeploymentPostprocessing = 0;
		};
		AC74416125A669FB00E3D5A7 /* Sources */ = {
			isa = PBXSourcesBuildPhase;
			buildActionMask = 2147483647;
			files = (
				AC74416A25A669FB00E3D5A7 /* preworkTests.swift in Sources */,
			);
			runOnlyForDeploymentPostprocessing = 0;
		};
		AC74416C25A669FB00E3D5A7 /* Sources */ = {
			isa = PBXSourcesBuildPhase;
			buildActionMask = 2147483647;
			files = (
				AC74417525A669FB00E3D5A7 /* preworkUITests.swift in Sources */,
			);
			runOnlyForDeploymentPostprocessing = 0;
		};
/* End PBXSourcesBuildPhase section */

/* Begin PBXTargetDependency section */
		AC74416725A669FB00E3D5A7 /* PBXTargetDependency */ = {
			isa = PBXTargetDependency;
			target = AC74414E25A669F900E3D5A7 /* prework */;
			targetProxy = AC74416625A669FB00E3D5A7 /* PBXContainerItemProxy */;
		};
		AC74417225A669FB00E3D5A7 /* PBXTargetDependency */ = {
			isa = PBXTargetDependency;
			target = AC74414E25A669F900E3D5A7 /* prework */;
			targetProxy = AC74417125A669FB00E3D5A7 /* PBXContainerItemProxy */;
		};
/* End PBXTargetDependency section */

/* Begin PBXVariantGroup section */
		AC74415825A669F900E3D5A7 /* Main.storyboard */ = {
			isa = PBXVariantGroup;
			children = (
				AC74415925A669F900E3D5A7 /* Base */,
			);
			name = Main.storyboard;
			sourceTree = "<group>";
		};
		AC74415D25A669FB00E3D5A7 /* LaunchScreen.storyboard */ = {
			isa = PBXVariantGroup;
			children = (
				AC74415E25A669FB00E3D5A7 /* Base */,
			);
			name = LaunchScreen.storyboard;
			sourceTree = "<group>";
		};
/* End PBXVariantGroup section */

/* Begin XCBuildConfiguration section */
		AC74417725A669FB00E3D5A7 /* Debug */ = {
			isa = XCBuildConfiguration;
			buildSettings = {
				ALWAYS_SEARCH_USER_PATHS = NO;
				CLANG_ANALYZER_NONNULL = YES;
				CLANG_ANALYZER_NUMBER_OBJECT_CONVERSION = YES_AGGRESSIVE;
				CLANG_CXX_LANGUAGE_STANDARD = "gnu++14";
				CLANG_CXX_LIBRARY = "libc++";
				CLANG_ENABLE_MODULES = YES;
				CLANG_ENABLE_OBJC_ARC = YES;
				CLANG_ENABLE_OBJC_WEAK = YES;
				CLANG_WARN_BLOCK_CAPTURE_AUTORELEASING = YES;
				CLANG_WARN_BOOL_CONVERSION = YES;
				CLANG_WARN_COMMA = YES;
				CLANG_WARN_CONSTANT_CONVERSION = YES;
				CLANG_WARN_DEPRECATED_OBJC_IMPLEMENTATIONS = YES;
				CLANG_WARN_DIRECT_OBJC_ISA_USAGE = YES_ERROR;
				CLANG_WARN_DOCUMENTATION_COMMENTS = YES;
				CLANG_WARN_EMPTY_BODY = YES;
				CLANG_WARN_ENUM_CONVERSION = YES;
				CLANG_WARN_INFINITE_RECURSION = YES;
				CLANG_WARN_INT_CONVERSION = YES;
				CLANG_WARN_NON_LITERAL_NULL_CONVERSION = YES;
				CLANG_WARN_OBJC_IMPLICIT_RETAIN_SELF = YES;
				CLANG_WARN_OBJC_LITERAL_CONVERSION = YES;
				CLANG_WARN_OBJC_ROOT_CLASS = YES_ERROR;
				CLANG_WARN_QUOTED_INCLUDE_IN_FRAMEWORK_HEADER = YES;
				CLANG_WARN_RANGE_LOOP_ANALYSIS = YES;
				CLANG_WARN_STRICT_PROTOTYPES = YES;
				CLANG_WARN_SUSPICIOUS_MOVE = YES;
				CLANG_WARN_UNGUARDED_AVAILABILITY = YES_AGGRESSIVE;
				CLANG_WARN_UNREACHABLE_CODE = YES;
				CLANG_WARN__DUPLICATE_METHOD_MATCH = YES;
				COPY_PHASE_STRIP = NO;
				DEBUG_INFORMATION_FORMAT = dwarf;
				ENABLE_STRICT_OBJC_MSGSEND = YES;
				ENABLE_TESTABILITY = YES;
				GCC_C_LANGUAGE_STANDARD = gnu11;
				GCC_DYNAMIC_NO_PIC = NO;
				GCC_NO_COMMON_BLOCKS = YES;
				GCC_OPTIMIZATION_LEVEL = 0;
				GCC_PREPROCESSOR_DEFINITIONS = (
					"DEBUG=1",
					"$(inherited)",
				);
				GCC_WARN_64_TO_32_BIT_CONVERSION = YES;
				GCC_WARN_ABOUT_RETURN_TYPE = YES_ERROR;
				GCC_WARN_UNDECLARED_SELECTOR = YES;
				GCC_WARN_UNINITIALIZED_AUTOS = YES_AGGRESSIVE;
				GCC_WARN_UNUSED_FUNCTION = YES;
				GCC_WARN_UNUSED_VARIABLE = YES;
				IPHONEOS_DEPLOYMENT_TARGET = 14.3;
				MTL_ENABLE_DEBUG_INFO = INCLUDE_SOURCE;
				MTL_FAST_MATH = YES;
				ONLY_ACTIVE_ARCH = YES;
				SDKROOT = iphoneos;
				SWIFT_ACTIVE_COMPILATION_CONDITIONS = DEBUG;
				SWIFT_OPTIMIZATION_LEVEL = "-Onone";
			};
			name = Debug;
		};
		AC74417825A669FB00E3D5A7 /* Release */ = {
			isa = XCBuildConfiguration;
			buildSettings = {
				ALWAYS_SEARCH_USER_PATHS = NO;
				CLANG_ANALYZER_NONNULL = YES;
				CLANG_ANALYZER_NUMBER_OBJECT_CONVERSION = YES_AGGRESSIVE;
				CLANG_CXX_LANGUAGE_STANDARD = "gnu++14";
				CLANG_CXX_LIBRARY = "libc++";
				CLANG_ENABLE_MODULES = YES;
				CLANG_ENABLE_OBJC_ARC = YES;
				CLANG_ENABLE_OBJC_WEAK = YES;
				CLANG_WARN_BLOCK_CAPTURE_AUTORELEASING = YES;
				CLANG_WARN_BOOL_CONVERSION = YES;
				CLANG_WARN_COMMA = YES;
				CLANG_WARN_CONSTANT_CONVERSION = YES;
				CLANG_WARN_DEPRECATED_OBJC_IMPLEMENTATIONS = YES;
				CLANG_WARN_DIRECT_OBJC_ISA_USAGE = YES_ERROR;
				CLANG_WARN_DOCUMENTATION_COMMENTS = YES;
				CLANG_WARN_EMPTY_BODY = YES;
				CLANG_WARN_ENUM_CONVERSION = YES;
				CLANG_WARN_INFINITE_RECURSION = YES;
				CLANG_WARN_INT_CONVERSION = YES;
				CLANG_WARN_NON_LITERAL_NULL_CONVERSION = YES;
				CLANG_WARN_OBJC_IMPLICIT_RETAIN_SELF = YES;
				CLANG_WARN_OBJC_LITERAL_CONVERSION = YES;
				CLANG_WARN_OBJC_ROOT_CLASS = YES_ERROR;
				CLANG_WARN_QUOTED_INCLUDE_IN_FRAMEWORK_HEADER = YES;
				CLANG_WARN_RANGE_LOOP_ANALYSIS = YES;
				CLANG_WARN_STRICT_PROTOTYPES = YES;
				CLANG_WARN_SUSPICIOUS_MOVE = YES;
				CLANG_WARN_UNGUARDED_AVAILABILITY = YES_AGGRESSIVE;
				CLANG_WARN_UNREACHABLE_CODE = YES;
				CLANG_WARN__DUPLICATE_METHOD_MATCH = YES;
				COPY_PHASE_STRIP = NO;
				DEBUG_INFORMATION_FORMAT = "dwarf-with-dsym";
				ENABLE_NS_ASSERTIONS = NO;
				ENABLE_STRICT_OBJC_MSGSEND = YES;
				GCC_C_LANGUAGE_STANDARD = gnu11;
				GCC_NO_COMMON_BLOCKS = YES;
				GCC_WARN_64_TO_32_BIT_CONVERSION = YES;
				GCC_WARN_ABOUT_RETURN_TYPE = YES_ERROR;
				GCC_WARN_UNDECLARED_SELECTOR = YES;
				GCC_WARN_UNINITIALIZED_AUTOS = YES_AGGRESSIVE;
				GCC_WARN_UNUSED_FUNCTION = YES;
				GCC_WARN_UNUSED_VARIABLE = YES;
				IPHONEOS_DEPLOYMENT_TARGET = 14.3;
				MTL_ENABLE_DEBUG_INFO = NO;
				MTL_FAST_MATH = YES;
				SDKROOT = iphoneos;
				SWIFT_COMPILATION_MODE = wholemodule;
				SWIFT_OPTIMIZATION_LEVEL = "-O";
				VALIDATE_PRODUCT = YES;
			};
			name = Release;
		};
		AC74417A25A669FB00E3D5A7 /* Debug */ = {
			isa = XCBuildConfiguration;
			buildSettings = {
				ASSETCATALOG_COMPILER_APPICON_NAME = AppIcon;
				ASSETCATALOG_COMPILER_GLOBAL_ACCENT_COLOR_NAME = AccentColor;
				CODE_SIGN_ENTITLEMENTS = prework/prework.entitlements;
				CODE_SIGN_STYLE = Automatic;
				INFOPLIST_FILE = prework/Info.plist;
				LD_RUNPATH_SEARCH_PATHS = (
					"$(inherited)",
					"@executable_path/Frameworks",
				);
				PRODUCT_BUNDLE_IDENTIFIER = Codingitforward.prework;
				PRODUCT_NAME = "$(TARGET_NAME)";
				SUPPORTS_MACCATALYST = YES;
				SWIFT_VERSION = 5.0;
				TARGETED_DEVICE_FAMILY = "1,2";
			};
			name = Debug;
		};
		AC74417B25A669FB00E3D5A7 /* Release */ = {
			isa = XCBuildConfiguration;
			buildSettings = {
				ASSETCATALOG_COMPILER_APPICON_NAME = AppIcon;
				ASSETCATALOG_COMPILER_GLOBAL_ACCENT_COLOR_NAME = AccentColor;
				CODE_SIGN_ENTITLEMENTS = prework/prework.entitlements;
				CODE_SIGN_STYLE = Automatic;
				INFOPLIST_FILE = prework/Info.plist;
				LD_RUNPATH_SEARCH_PATHS = (
					"$(inherited)",
					"@executable_path/Frameworks",
				);
				PRODUCT_BUNDLE_IDENTIFIER = Codingitforward.prework;
				PRODUCT_NAME = "$(TARGET_NAME)";
				SUPPORTS_MACCATALYST = YES;
				SWIFT_VERSION = 5.0;
				TARGETED_DEVICE_FAMILY = "1,2";
			};
			name = Release;
		};
		AC74417D25A669FB00E3D5A7 /* Debug */ = {
			isa = XCBuildConfiguration;
			buildSettings = {
				ALWAYS_EMBED_SWIFT_STANDARD_LIBRARIES = YES;
				BUNDLE_LOADER = "$(TEST_HOST)";
				CODE_SIGN_STYLE = Automatic;
				INFOPLIST_FILE = preworkTests/Info.plist;
				IPHONEOS_DEPLOYMENT_TARGET = 14.3;
				LD_RUNPATH_SEARCH_PATHS = (
					"$(inherited)",
					"@executable_path/Frameworks",
					"@loader_path/Frameworks",
				);
				PRODUCT_BUNDLE_IDENTIFIER = Codingitforward.preworkTests;
				PRODUCT_NAME = "$(TARGET_NAME)";
				SWIFT_VERSION = 5.0;
				TARGETED_DEVICE_FAMILY = "1,2";
				TEST_HOST = "$(BUILT_PRODUCTS_DIR)/prework.app/prework";
			};
			name = Debug;
		};
		AC74417E25A669FB00E3D5A7 /* Release */ = {
			isa = XCBuildConfiguration;
			buildSettings = {
				ALWAYS_EMBED_SWIFT_STANDARD_LIBRARIES = YES;
				BUNDLE_LOADER = "$(TEST_HOST)";
				CODE_SIGN_STYLE = Automatic;
				INFOPLIST_FILE = preworkTests/Info.plist;
				IPHONEOS_DEPLOYMENT_TARGET = 14.3;
				LD_RUNPATH_SEARCH_PATHS = (
					"$(inherited)",
					"@executable_path/Frameworks",
					"@loader_path/Frameworks",
				);
				PRODUCT_BUNDLE_IDENTIFIER = Codingitforward.preworkTests;
				PRODUCT_NAME = "$(TARGET_NAME)";
				SWIFT_VERSION = 5.0;
				TARGETED_DEVICE_FAMILY = "1,2";
				TEST_HOST = "$(BUILT_PRODUCTS_DIR)/prework.app/prework";
			};
			name = Release;
		};
		AC74418025A669FB00E3D5A7 /* Debug */ = {
			isa = XCBuildConfiguration;
			buildSettings = {
				ALWAYS_EMBED_SWIFT_STANDARD_LIBRARIES = YES;
				CODE_SIGN_STYLE = Automatic;
				INFOPLIST_FILE = preworkUITests/Info.plist;
				LD_RUNPATH_SEARCH_PATHS = (
					"$(inherited)",
					"@executable_path/Frameworks",
					"@loader_path/Frameworks",
				);
				PRODUCT_BUNDLE_IDENTIFIER = Codingitforward.preworkUITests;
				PRODUCT_NAME = "$(TARGET_NAME)";
				SWIFT_VERSION = 5.0;
				TARGETED_DEVICE_FAMILY = "1,2";
				TEST_TARGET_NAME = prework;
			};
			name = Debug;
		};
		AC74418125A669FB00E3D5A7 /* Release */ = {
			isa = XCBuildConfiguration;
			buildSettings = {
				ALWAYS_EMBED_SWIFT_STANDARD_LIBRARIES = YES;
				CODE_SIGN_STYLE = Automatic;
				INFOPLIST_FILE = preworkUITests/Info.plist;
				LD_RUNPATH_SEARCH_PATHS = (
					"$(inherited)",
					"@executable_path/Frameworks",
					"@loader_path/Frameworks",
				);
				PRODUCT_BUNDLE_IDENTIFIER = Codingitforward.preworkUITests;
				PRODUCT_NAME = "$(TARGET_NAME)";
				SWIFT_VERSION = 5.0;
				TARGETED_DEVICE_FAMILY = "1,2";
				TEST_TARGET_NAME = prework;
			};
			name = Release;
		};
/* End XCBuildConfiguration section */

/* Begin XCConfigurationList section */
		AC74414A25A669F900E3D5A7 /* Build configuration list for PBXProject "prework" */ = {
			isa = XCConfigurationList;
			buildConfigurations = (
				AC74417725A669FB00E3D5A7 /* Debug */,
				AC74417825A669FB00E3D5A7 /* Release */,
			);
			defaultConfigurationIsVisible = 0;
			defaultConfigurationName = Release;
		};
		AC74417925A669FB00E3D5A7 /* Build configuration list for PBXNativeTarget "prework" */ = {
			isa = XCConfigurationList;
			buildConfigurations = (
				AC74417A25A669FB00E3D5A7 /* Debug */,
				AC74417B25A669FB00E3D5A7 /* Release */,
			);
			defaultConfigurationIsVisible = 0;
			defaultConfigurationName = Release;
		};
		AC74417C25A669FB00E3D5A7 /* Build configuration list for PBXNativeTarget "preworkTests" */ = {
			isa = XCConfigurationList;
			buildConfigurations = (
				AC74417D25A669FB00E3D5A7 /* Debug */,
				AC74417E25A669FB00E3D5A7 /* Release */,
			);
			defaultConfigurationIsVisible = 0;
			defaultConfigurationName = Release;
		};
		AC74417F25A669FB00E3D5A7 /* Build configuration list for PBXNativeTarget "preworkUITests" */ = {
			isa = XCConfigurationList;
			buildConfigurations = (
				AC74418025A669FB00E3D5A7 /* Debug */,
				AC74418125A669FB00E3D5A7 /* Release */,
			);
			defaultConfigurationIsVisible = 0;
			defaultConfigurationName = Release;
		};
/* End XCConfigurationList section */
	};
	rootObject = AC74414725A669F900E3D5A7 /* Project object */;
}
